
Microsoft Visual Studio Solution File, Format Version 12.00
# Visual Studio Version 16
VisualStudioVersion = 16.0.31019.35
MinimumVisualStudioVersion = 10.0.40219.1
Project("{2150E333-8FDC-42A3-9474-1A3956D46DE8}") = "Application", "Application", "{11D33FC4-7324-4FC7-B13E-4A05852D3B8F}"
EndProject
Project("{2150E333-8FDC-42A3-9474-1A3956D46DE8}") = "Domain", "Domain", "{D575EAA7-B6B9-4621-8ADC-7E17569B1EA7}"
EndProject
Project("{2150E333-8FDC-42A3-9474-1A3956D46DE8}") = "Infra.IoC", "Infra.IoC", "{B68EE417-3688-4739-ADD4-648414534037}"
EndProject
Project("{2150E333-8FDC-42A3-9474-1A3956D46DE8}") = "Infra.Data", "Infra.Data", "{8DE09408-1470-400D-A448-E865601E7970}"
EndProject
Project("{2150E333-8FDC-42A3-9474-1A3956D46DE8}") = "Presentation", "Presentation", "{2F2C2272-4298-4AA6-9EDA-6CA2394C93EA}"
EndProject
Project("{9A19103F-16F7-4668-BE54-9A1E7A4F7556}") = "CleanArch.Mvc", "CleanArch.Mvc\CleanArch.Mvc.csproj", "{21E884C2-CACF-4423-8491-DADB5D4FA869}"
EndProject
Project("{FAE04EC0-301F-11D3-BF4B-00C04F79EFBC}") = "CleanArch.Domain", "CleanArch.Domain\CleanArch.Domain.csproj", "{85CF4BFB-3C9F-4AA0-A186-B5F62B210B48}"
EndProject
Global
	GlobalSection(SolutionConfigurationPlatforms) = preSolution
		Debug|Any CPU = Debug|Any CPU
		Release|Any CPU = Release|Any CPU
	EndGlobalSection
	GlobalSection(ProjectConfigurationPlatforms) = postSolution
		{21E884C2-CACF-4423-8491-DADB5D4FA869}.Debug|Any CPU.ActiveCfg = Debug|Any CPU
		{21E884C2-CACF-4423-8491-DADB5D4FA869}.Debug|Any CPU.Build.0 = Debug|Any CPU
		{21E884C2-CACF-4423-8491-DADB5D4FA869}.Release|Any CPU.ActiveCfg = Release|Any CPU
		{21E884C2-CACF-4423-8491-DADB5D4FA869}.Release|Any CPU.Build.0 = Release|Any CPU
		{85CF4BFB-3C9F-4AA0-A186-B5F62B210B48}.Debug|Any CPU.ActiveCfg = Debug|Any CPU
		{85CF4BFB-3C9F-4AA0-A186-B5F62B210B48}.Debug|Any CPU.Build.0 = Debug|Any CPU
		{85CF4BFB-3C9F-4AA0-A186-B5F62B210B48}.Release|Any CPU.ActiveCfg = Release|Any CPU
		{85CF4BFB-3C9F-4AA0-A186-B5F62B210B48}.Release|Any CPU.Build.0 = Release|Any CPU
	EndGlobalSection
	GlobalSection(SolutionProperties) = preSolution
		HideSolutionNode = FALSE
	EndGlobalSection
	GlobalSection(NestedProjects) = preSolution
		{21E884C2-CACF-4423-8491-DADB5D4FA869} = {2F2C2272-4298-4AA6-9EDA-6CA2394C93EA}
		{85CF4BFB-3C9F-4AA0-A186-B5F62B210B48} = {D575EAA7-B6B9-4621-8ADC-7E17569B1EA7}
	EndGlobalSection
	GlobalSection(ExtensibilityGlobals) = postSolution
		SolutionGuid = {F07AABEF-8A6D-41D5-A2DA-E157815F4984}
	EndGlobalSection
EndGlobal
