
Microsoft Visual Studio Solution File, Format Version 12.00
# Visual Studio Version 16
VisualStudioVersion = 16.0.31019.35
MinimumVisualStudioVersion = 10.0.40219.1
Project("{2150E333-8FDC-42A3-9474-1A3956D46DE8}") = "Application", "Application", "{11D33FC4-7324-4FC7-B13E-4A05852D3B8F}"
EndProject
Project("{2150E333-8FDC-42A3-9474-1A3956D46DE8}") = "Domain", "Domain", "{D575EAA7-B6B9-4621-8ADC-7E17569B1EA7}"
EndProject
Project("{2150E333-8FDC-42A3-9474-1A3956D46DE8}") = "Infra.IoC", "Infra.IoC", "{B68EE417-3688-4739-ADD4-648414534037}"
EndProject
Project("{2150E333-8FDC-42A3-9474-1A3956D46DE8}") = "Infra.Data", "Infra.Data", "{8DE09408-1470-400D-A448-E865601E7970}"
EndProject
Project("{2150E333-8FDC-42A3-9474-1A3956D46DE8}") = "Presentation", "Presentation", "{2F2C2272-4298-4AA6-9EDA-6CA2394C93EA}"
EndProject
Project("{FAE04EC0-301F-11D3-BF4B-00C04F79EFBC}") = "CleanArch.Mvc", "CleanArch.Mvc\CleanArch.Mvc.csproj", "{11F647AE-853E-425D-8464-30BB96530482}"
EndProject
Project("{FAE04EC0-301F-11D3-BF4B-00C04F79EFBC}") = "CleanArch.Infra.Data", "CleanArch.Infra.Data\CleanArch.Infra.Data.csproj", "{3EE2FF1F-0C37-4967-BCB4-37AFC848CEC4}"
EndProject
Project("{FAE04EC0-301F-11D3-BF4B-00C04F79EFBC}") = "CleanArch.Domain", "CleanArch.Domain\CleanArch.Domain.csproj", "{E96F724E-3D1E-44A8-BADA-7297544F42B2}"
EndProject
Project("{FAE04EC0-301F-11D3-BF4B-00C04F79EFBC}") = "CleanArch.Application", "CleanArch.Application\CleanArch.Application.csproj", "{AF38FFA1-6EEC-4DB3-B83B-1CC1845CFF61}"
EndProject
Project("{FAE04EC0-301F-11D3-BF4B-00C04F79EFBC}") = "CleanArch.Infra.IoC", "CleanArch.Infra.IoC\CleanArch.Infra.IoC.csproj", "{CC2184D3-03FE-4CBD-B6F6-AAA661120C29}"
EndProject
Project("{2150E333-8FDC-42A3-9474-1A3956D46DE8}") = "Infra.Bus", "Infra.Bus", "{C00EFF34-A3FC-4E67-BF7E-281C18283B87}"
EndProject
Project("{2150E333-8FDC-42A3-9474-1A3956D46DE8}") = "Api", "Api", "{343A0347-91D8-4BFA-A1B8-FF751844D9AF}"
EndProject
Project("{FAE04EC0-301F-11D3-BF4B-00C04F79EFBC}") = "CleanArch.Infra.Bus", "CleanArch.Infra.Bus\CleanArch.Infra.Bus.csproj", "{5EBE1B9A-9C6C-47A6-8095-FF8CCCBC0119}"
EndProject
Project("{FAE04EC0-301F-11D3-BF4B-00C04F79EFBC}") = "CleanArch.Domain.Core", "CleanArch.Domain.Core\CleanArch.Domain.Core.csproj", "{89D92451-BA01-4F8D-AB6D-5D7CE4AF2133}"
EndProject
Project("{FAE04EC0-301F-11D3-BF4B-00C04F79EFBC}") = "CleanArch.Api", "CleanArch.Api\CleanArch.Api.csproj", "{9D30CD23-021F-4246-8A69-4E9EF3D843A9}"
EndProject
Global
	GlobalSection(SolutionConfigurationPlatforms) = preSolution
		Debug|Any CPU = Debug|Any CPU
		Release|Any CPU = Release|Any CPU
	EndGlobalSection
	GlobalSection(ProjectConfigurationPlatforms) = postSolution
		{11F647AE-853E-425D-8464-30BB96530482}.Debug|Any CPU.ActiveCfg = Debug|Any CPU
		{11F647AE-853E-425D-8464-30BB96530482}.Debug|Any CPU.Build.0 = Debug|Any CPU
		{11F647AE-853E-425D-8464-30BB96530482}.Release|Any CPU.ActiveCfg = Release|Any CPU
		{11F647AE-853E-425D-8464-30BB96530482}.Release|Any CPU.Build.0 = Release|Any CPU
		{3EE2FF1F-0C37-4967-BCB4-37AFC848CEC4}.Debug|Any CPU.ActiveCfg = Debug|Any CPU
		{3EE2FF1F-0C37-4967-BCB4-37AFC848CEC4}.Debug|Any CPU.Build.0 = Debug|Any CPU
		{3EE2FF1F-0C37-4967-BCB4-37AFC848CEC4}.Release|Any CPU.ActiveCfg = Release|Any CPU
		{3EE2FF1F-0C37-4967-BCB4-37AFC848CEC4}.Release|Any CPU.Build.0 = Release|Any CPU
		{E96F724E-3D1E-44A8-BADA-7297544F42B2}.Debug|Any CPU.ActiveCfg = Debug|Any CPU
		{E96F724E-3D1E-44A8-BADA-7297544F42B2}.Debug|Any CPU.Build.0 = Debug|Any CPU
		{E96F724E-3D1E-44A8-BADA-7297544F42B2}.Release|Any CPU.ActiveCfg = Release|Any CPU
		{E96F724E-3D1E-44A8-BADA-7297544F42B2}.Release|Any CPU.Build.0 = Release|Any CPU
		{AF38FFA1-6EEC-4DB3-B83B-1CC1845CFF61}.Debug|Any CPU.ActiveCfg = Debug|Any CPU
		{AF38FFA1-6EEC-4DB3-B83B-1CC1845CFF61}.Debug|Any CPU.Build.0 = Debug|Any CPU
		{AF38FFA1-6EEC-4DB3-B83B-1CC1845CFF61}.Release|Any CPU.ActiveCfg = Release|Any CPU
		{AF38FFA1-6EEC-4DB3-B83B-1CC1845CFF61}.Release|Any CPU.Build.0 = Release|Any CPU
		{CC2184D3-03FE-4CBD-B6F6-AAA661120C29}.Debug|Any CPU.ActiveCfg = Debug|Any CPU
		{CC2184D3-03FE-4CBD-B6F6-AAA661120C29}.Debug|Any CPU.Build.0 = Debug|Any CPU
		{CC2184D3-03FE-4CBD-B6F6-AAA661120C29}.Release|Any CPU.ActiveCfg = Release|Any CPU
		{CC2184D3-03FE-4CBD-B6F6-AAA661120C29}.Release|Any CPU.Build.0 = Release|Any CPU
		{5EBE1B9A-9C6C-47A6-8095-FF8CCCBC0119}.Debug|Any CPU.ActiveCfg = Debug|Any CPU
		{5EBE1B9A-9C6C-47A6-8095-FF8CCCBC0119}.Debug|Any CPU.Build.0 = Debug|Any CPU
		{5EBE1B9A-9C6C-47A6-8095-FF8CCCBC0119}.Release|Any CPU.ActiveCfg = Release|Any CPU
		{5EBE1B9A-9C6C-47A6-8095-FF8CCCBC0119}.Release|Any CPU.Build.0 = Release|Any CPU
		{89D92451-BA01-4F8D-AB6D-5D7CE4AF2133}.Debug|Any CPU.ActiveCfg = Debug|Any CPU
		{89D92451-BA01-4F8D-AB6D-5D7CE4AF2133}.Debug|Any CPU.Build.0 = Debug|Any CPU
		{89D92451-BA01-4F8D-AB6D-5D7CE4AF2133}.Release|Any CPU.ActiveCfg = Release|Any CPU
		{89D92451-BA01-4F8D-AB6D-5D7CE4AF2133}.Release|Any CPU.Build.0 = Release|Any CPU
		{9D30CD23-021F-4246-8A69-4E9EF3D843A9}.Debug|Any CPU.ActiveCfg = Debug|Any CPU
		{9D30CD23-021F-4246-8A69-4E9EF3D843A9}.Debug|Any CPU.Build.0 = Debug|Any CPU
		{9D30CD23-021F-4246-8A69-4E9EF3D843A9}.Release|Any CPU.ActiveCfg = Release|Any CPU
		{9D30CD23-021F-4246-8A69-4E9EF3D843A9}.Release|Any CPU.Build.0 = Release|Any CPU
	EndGlobalSection
	GlobalSection(SolutionProperties) = preSolution
		HideSolutionNode = FALSE
	EndGlobalSection
	GlobalSection(NestedProjects) = preSolution
		{11F647AE-853E-425D-8464-30BB96530482} = {2F2C2272-4298-4AA6-9EDA-6CA2394C93EA}
		{3EE2FF1F-0C37-4967-BCB4-37AFC848CEC4} = {8DE09408-1470-400D-A448-E865601E7970}
		{E96F724E-3D1E-44A8-BADA-7297544F42B2} = {D575EAA7-B6B9-4621-8ADC-7E17569B1EA7}
		{AF38FFA1-6EEC-4DB3-B83B-1CC1845CFF61} = {11D33FC4-7324-4FC7-B13E-4A05852D3B8F}
		{CC2184D3-03FE-4CBD-B6F6-AAA661120C29} = {B68EE417-3688-4739-ADD4-648414534037}
		{5EBE1B9A-9C6C-47A6-8095-FF8CCCBC0119} = {C00EFF34-A3FC-4E67-BF7E-281C18283B87}
		{89D92451-BA01-4F8D-AB6D-5D7CE4AF2133} = {D575EAA7-B6B9-4621-8ADC-7E17569B1EA7}
		{9D30CD23-021F-4246-8A69-4E9EF3D843A9} = {343A0347-91D8-4BFA-A1B8-FF751844D9AF}
	EndGlobalSection
	GlobalSection(ExtensibilityGlobals) = postSolution
		SolutionGuid = {F07AABEF-8A6D-41D5-A2DA-E157815F4984}
	EndGlobalSection
EndGlobal
